
Microsoft Visual Studio Solution File, Format Version 12.00
# Visual Studio Version 17
VisualStudioVersion = 17.4.33213.308
MinimumVisualStudioVersion = 10.0.40219.1
Project("{2150E333-8FDC-42A3-9474-1A3956D46DE8}") = "Domain", "Domain", "{376601CD-920A-4D10-B3DA-DC7E8574CB27}"
EndProject
Project("{FAE04EC0-301F-11D3-BF4B-00C04F79EFBC}") = "TP.Domain", "TP.Domain\TP.Domain.csproj", "{5EAACD18-0E25-4409-A2DB-7038875B4DC6}"
EndProject
Project("{2150E333-8FDC-42A3-9474-1A3956D46DE8}") = "Data", "Data", "{3B38244B-0A3A-4CC0-9732-9DC846188853}"
EndProject
Global
	GlobalSection(SolutionConfigurationPlatforms) = preSolution
		Debug|Any CPU = Debug|Any CPU
		Release|Any CPU = Release|Any CPU
	EndGlobalSection
	GlobalSection(ProjectConfigurationPlatforms) = postSolution
		{5EAACD18-0E25-4409-A2DB-7038875B4DC6}.Debug|Any CPU.ActiveCfg = Debug|Any CPU
		{5EAACD18-0E25-4409-A2DB-7038875B4DC6}.Debug|Any CPU.Build.0 = Debug|Any CPU
		{5EAACD18-0E25-4409-A2DB-7038875B4DC6}.Release|Any CPU.ActiveCfg = Release|Any CPU
		{5EAACD18-0E25-4409-A2DB-7038875B4DC6}.Release|Any CPU.Build.0 = Release|Any CPU
	EndGlobalSection
	GlobalSection(SolutionProperties) = preSolution
		HideSolutionNode = FALSE
	EndGlobalSection
	GlobalSection(NestedProjects) = preSolution
		{5EAACD18-0E25-4409-A2DB-7038875B4DC6} = {376601CD-920A-4D10-B3DA-DC7E8574CB27}
	EndGlobalSection
	GlobalSection(ExtensibilityGlobals) = postSolution
		SolutionGuid = {A1E66BE8-CD8E-44AC-BE59-F9B0BB69D7AE}
	EndGlobalSection
EndGlobal
